
Microsoft Visual Studio Solution File, Format Version 12.00
# Visual Studio Version 17
VisualStudioVersion = 17.6.33723.286
MinimumVisualStudioVersion = 10.0.40219.1
Project("{8BC9CEB8-8B4A-11D0-8D11-00A0C91BC942}") = "星空", "星空.vcxproj", "{FEF3F36E-61D6-4377-BC99-DA431F37EDF4}"
EndProject
Global
	GlobalSection(SolutionConfigurationPlatforms) = preSolution
		Debug|x64 = Debug|x64
		Debug|x86 = Debug|x86
		Release|x64 = Release|x64
		Release|x86 = Release|x86
	EndGlobalSection
	GlobalSection(ProjectConfigurationPlatforms) = postSolution
		{FEF3F36E-61D6-4377-BC99-DA431F37EDF4}.Debug|x64.ActiveCfg = Debug|x64
		{FEF3F36E-61D6-4377-BC99-DA431F37EDF4}.Debug|x64.Build.0 = Debug|x64
		{FEF3F36E-61D6-4377-BC99-DA431F37EDF4}.Debug|x86.ActiveCfg = Debug|Win32
		{FEF3F36E-61D6-4377-BC99-DA431F37EDF4}.Debug|x86.Build.0 = Debug|Win32
		{FEF3F36E-61D6-4377-BC99-DA431F37EDF4}.Release|x64.ActiveCfg = Release|x64
		{FEF3F36E-61D6-4377-BC99-DA431F37EDF4}.Release|x64.Build.0 = Release|x64
		{FEF3F36E-61D6-4377-BC99-DA431F37EDF4}.Release|x86.ActiveCfg = Release|Win32
		{FEF3F36E-61D6-4377-BC99-DA431F37EDF4}.Release|x86.Build.0 = Release|Win32
	EndGlobalSection
	GlobalSection(SolutionProperties) = preSolution
		HideSolutionNode = FALSE
	EndGlobalSection
	GlobalSection(ExtensibilityGlobals) = postSolution
		SolutionGuid = {714B0BEB-9E14-4AE8-A590-57C4F69494F5}
	EndGlobalSection
EndGlobal
